{
    "_readme": [
        "This file locks the dependencies of your project to a known state",
        "Read more about it at http://getcomposer.org/doc/01-basic-usage.md#composer-lock-the-lock-file"
    ],
    "hash": "0db482029e79f9fff824b43acf8ed158",
    "packages": [
        {
            "name": "doctrine/annotations",
            "version": "v1.1.1",
            "source": {
                "type": "git",
                "url": "https://github.com/doctrine/annotations.git",
                "reference": "v1.1.1"
            },
            "dist": {
                "type": "zip",
                "url": "https://api.github.com/repos/doctrine/annotations/zipball/v1.1.1",
                "reference": "v1.1.1",
                "shasum": ""
            },
            "require": {
                "doctrine/lexer": "1.*",
                "php": ">=5.3.2"
            },
            "require-dev": {
                "doctrine/cache": "1.*"
            },
            "type": "library",
            "extra": {
                "branch-alias": {
                    "dev-master": "1.0.x-dev"
                }
            },
            "autoload": {
                "psr-0": {
                    "Doctrine\\Common\\Annotations\\": "lib/"
                }
            },
            "notification-url": "https://packagist.org/downloads/",
            "license": [
                "MIT"
            ],
            "authors": [
                {
                    "name": "Jonathan Wage",
                    "email": "jonwage@gmail.com",
                    "homepage": "http://www.jwage.com/"
                },
                {
                    "name": "Guilherme Blanco",
                    "email": "guilhermeblanco@gmail.com",
                    "homepage": "http://www.instaclick.com"
                },
                {
                    "name": "Roman Borschel",
                    "email": "roman@code-factory.org"
                },
                {
                    "name": "Benjamin Eberlei",
                    "email": "kontakt@beberlei.de"
                },
                {
                    "name": "Johannes Schmitt",
                    "email": "schmittjoh@gmail.com",
                    "homepage": "https://github.com/schmittjoh",
                    "role": "Developer of wrapped JMSSerializerBundle"
                }
            ],
            "description": "Docblock Annotations Parser",
            "homepage": "http://www.doctrine-project.org",
            "keywords": [
                "annotations",
                "docblock",
                "parser"
            ],
            "time": "2013-04-20 08:30:17"
        },
        {
            "name": "doctrine/cache",
            "version": "dev-master",
            "source": {
                "type": "git",
                "url": "https://github.com/doctrine/cache.git",
                "reference": "4116eff37635219101a22c9732f409633eb07c5d"
            },
            "dist": {
                "type": "zip",
                "url": "https://api.github.com/repos/doctrine/cache/zipball/4116eff37635219101a22c9732f409633eb07c5d",
                "reference": "4116eff37635219101a22c9732f409633eb07c5d",
                "shasum": ""
            },
            "require": {
                "php": ">=5.3.2"
            },
            "type": "library",
            "extra": {
                "branch-alias": {
                    "dev-master": "1.0.x-dev"
                }
            },
            "autoload": {
                "psr-0": {
                    "Doctrine\\Common\\Cache\\": "lib/"
                }
            },
            "notification-url": "https://packagist.org/downloads/",
            "license": [
                "MIT"
            ],
            "authors": [
                {
                    "name": "Jonathan Wage",
                    "email": "jonwage@gmail.com",
                    "homepage": "http://www.jwage.com/"
                },
                {
                    "name": "Guilherme Blanco",
                    "email": "guilhermeblanco@gmail.com",
                    "homepage": "http://www.instaclick.com"
                },
                {
                    "name": "Roman Borschel",
                    "email": "roman@code-factory.org"
                },
                {
                    "name": "Benjamin Eberlei",
                    "email": "kontakt@beberlei.de"
                },
                {
                    "name": "Johannes Schmitt",
                    "email": "schmittjoh@gmail.com",
                    "homepage": "https://github.com/schmittjoh",
                    "role": "Developer of wrapped JMSSerializerBundle"
                }
            ],
            "description": "Caching library offering an object-oriented API for many cache backends",
            "homepage": "http://www.doctrine-project.org",
            "keywords": [
                "cache",
                "caching"
            ],
            "time": "2013-05-04 23:23:40"
        },
        {
            "name": "doctrine/collections",
            "version": "dev-master",
            "source": {
                "type": "git",
                "url": "https://github.com/doctrine/collections.git",
                "reference": "df2138bcb467533bfe6b3a01301d480aec008b93"
            },
            "dist": {
                "type": "zip",
                "url": "https://api.github.com/repos/doctrine/collections/zipball/df2138bcb467533bfe6b3a01301d480aec008b93",
                "reference": "df2138bcb467533bfe6b3a01301d480aec008b93",
                "shasum": ""
            },
            "require": {
                "php": ">=5.3.2"
            },
            "type": "library",
            "extra": {
                "branch-alias": {
                    "dev-master": "1.1.x-dev"
                }
            },
            "autoload": {
                "psr-0": {
                    "Doctrine\\Common\\Collections\\": "lib/"
                }
            },
            "notification-url": "https://packagist.org/downloads/",
            "license": [
                "MIT"
            ],
            "authors": [
                {
                    "name": "Jonathan Wage",
                    "email": "jonwage@gmail.com",
                    "homepage": "http://www.jwage.com/"
                },
                {
                    "name": "Guilherme Blanco",
                    "email": "guilhermeblanco@gmail.com",
                    "homepage": "http://www.instaclick.com"
                },
                {
                    "name": "Roman Borschel",
                    "email": "roman@code-factory.org"
                },
                {
                    "name": "Benjamin Eberlei",
                    "email": "kontakt@beberlei.de"
                },
                {
                    "name": "Johannes Schmitt",
                    "email": "schmittjoh@gmail.com",
                    "homepage": "https://github.com/schmittjoh",
                    "role": "Developer of wrapped JMSSerializerBundle"
                }
            ],
            "description": "Collections Abstraction library",
            "homepage": "http://www.doctrine-project.org",
            "keywords": [
                "array",
                "collections",
                "iterator"
            ],
            "time": "2013-03-17 14:01:33"
        },
        {
            "name": "doctrine/common",
            "version": "dev-master",
            "source": {
                "type": "git",
                "url": "https://github.com/doctrine/common.git",
                "reference": "32c54b7b9d038c1e77d6755bc1d7396a5ce63430"
            },
            "dist": {
                "type": "zip",
                "url": "https://api.github.com/repos/doctrine/common/zipball/32c54b7b9d038c1e77d6755bc1d7396a5ce63430",
                "reference": "32c54b7b9d038c1e77d6755bc1d7396a5ce63430",
                "shasum": ""
            },
            "require": {
                "doctrine/annotations": "1.*",
                "doctrine/cache": "1.*",
                "doctrine/collections": "1.*",
                "doctrine/inflector": "1.*",
                "doctrine/lexer": "1.*",
                "php": ">=5.3.2"
            },
            "type": "library",
            "extra": {
                "branch-alias": {
                    "dev-master": "2.4.x-dev"
                }
            },
            "autoload": {
                "psr-0": {
                    "Doctrine\\Common\\": "lib/"
                }
            },
            "notification-url": "https://packagist.org/downloads/",
            "license": [
                "MIT"
            ],
            "authors": [
                {
                    "name": "Jonathan Wage",
                    "email": "jonwage@gmail.com",
                    "homepage": "http://www.jwage.com/"
                },
                {
                    "name": "Guilherme Blanco",
                    "email": "guilhermeblanco@gmail.com",
                    "homepage": "http://www.instaclick.com"
                },
                {
                    "name": "Roman Borschel",
                    "email": "roman@code-factory.org"
                },
                {
                    "name": "Benjamin Eberlei",
                    "email": "kontakt@beberlei.de"
                },
                {
                    "name": "Johannes Schmitt",
                    "email": "schmittjoh@gmail.com",
                    "homepage": "https://github.com/schmittjoh",
                    "role": "Developer of wrapped JMSSerializerBundle"
                }
            ],
            "description": "Common Library for Doctrine projects",
            "homepage": "http://www.doctrine-project.org",
            "keywords": [
                "annotations",
                "collections",
                "eventmanager",
                "persistence",
                "spl"
            ],
            "time": "2013-05-08 17:44:11"
        },
        {
            "name": "doctrine/dbal",
            "version": "2.3.x-dev",
            "source": {
                "type": "git",
                "url": "https://github.com/doctrine/dbal.git",
                "reference": "faacbe7fcb324101d80739ab91aae98d004344f4"
            },
            "dist": {
                "type": "zip",
                "url": "https://api.github.com/repos/doctrine/dbal/zipball/faacbe7fcb324101d80739ab91aae98d004344f4",
                "reference": "faacbe7fcb324101d80739ab91aae98d004344f4",
                "shasum": ""
            },
            "require": {
                "doctrine/common": ">=2.3.0,<2.5-dev",
                "php": ">=5.3.2"
            },
            "type": "library",
            "extra": {
                "branch-alias": {
                    "dev-master": "2.3.x-dev"
                }
            },
            "autoload": {
                "psr-0": {
                    "Doctrine\\DBAL": "lib/"
                }
            },
            "notification-url": "https://packagist.org/downloads/",
            "license": [
                "MIT"
            ],
            "authors": [
                {
                    "name": "Jonathan Wage",
                    "email": "jonwage@gmail.com",
                    "homepage": "http://www.jwage.com/"
                },
                {
                    "name": "Guilherme Blanco",
                    "email": "guilhermeblanco@gmail.com",
                    "homepage": "http://www.instaclick.com"
                },
                {
                    "name": "Roman Borschel",
                    "email": "roman@code-factory.org"
                },
                {
                    "name": "Benjamin Eberlei",
                    "email": "kontakt@beberlei.de"
                }
            ],
            "description": "Database Abstraction Layer",
            "homepage": "http://www.doctrine-project.org",
            "keywords": [
                "database",
                "dbal",
                "persistence",
                "queryobject"
            ],
            "time": "2013-05-04 12:09:27"
        },
        {
            "name": "doctrine/inflector",
            "version": "dev-master",
            "source": {
                "type": "git",
                "url": "https://github.com/doctrine/inflector.git",
                "reference": "8b4b3ccec7aafc596e2fc1e593c9f2e78f939c8c"
            },
            "dist": {
                "type": "zip",
                "url": "https://api.github.com/repos/doctrine/inflector/zipball/8b4b3ccec7aafc596e2fc1e593c9f2e78f939c8c",
                "reference": "8b4b3ccec7aafc596e2fc1e593c9f2e78f939c8c",
                "shasum": ""
            },
            "require": {
                "php": ">=5.3.2"
            },
            "type": "library",
            "extra": {
                "branch-alias": {
                    "dev-master": "1.0.x-dev"
                }
            },
            "autoload": {
                "psr-0": {
                    "Doctrine\\Common\\Inflector\\": "lib/"
                }
            },
            "notification-url": "https://packagist.org/downloads/",
            "license": [
                "MIT"
            ],
            "authors": [
                {
                    "name": "Jonathan Wage",
                    "email": "jonwage@gmail.com",
                    "homepage": "http://www.jwage.com/"
                },
                {
                    "name": "Guilherme Blanco",
                    "email": "guilhermeblanco@gmail.com",
                    "homepage": "http://www.instaclick.com"
                },
                {
                    "name": "Roman Borschel",
                    "email": "roman@code-factory.org"
                },
                {
                    "name": "Benjamin Eberlei",
                    "email": "kontakt@beberlei.de"
                },
                {
                    "name": "Johannes Schmitt",
                    "email": "schmittjoh@gmail.com",
                    "homepage": "https://github.com/schmittjoh",
                    "role": "Developer of wrapped JMSSerializerBundle"
                }
            ],
            "description": "Common String Manipulations with regard to casing and singular/plural rules.",
            "homepage": "http://www.doctrine-project.org",
            "keywords": [
                "inflection",
                "pluralize",
                "singularize",
                "string"
            ],
            "time": "2013-04-10 16:14:30"
        },
        {
            "name": "doctrine/lexer",
            "version": "dev-master",
            "source": {
                "type": "git",
                "url": "https://github.com/doctrine/lexer.git",
                "reference": "bc0e1f0cc285127a38c6c8ea88bc5dba2fd53e94"
            },
            "dist": {
                "type": "zip",
                "url": "https://api.github.com/repos/doctrine/lexer/zipball/bc0e1f0cc285127a38c6c8ea88bc5dba2fd53e94",
                "reference": "bc0e1f0cc285127a38c6c8ea88bc5dba2fd53e94",
                "shasum": ""
            },
            "require": {
                "php": ">=5.3.2"
            },
            "type": "library",
            "extra": {
                "branch-alias": {
                    "dev-master": "1.0.x-dev"
                }
            },
            "autoload": {
                "psr-0": {
                    "Doctrine\\Common\\Lexer\\": "lib/"
                }
            },
            "notification-url": "https://packagist.org/downloads/",
            "license": [
                "MIT"
            ],
            "authors": [
                {
                    "name": "Guilherme Blanco",
                    "email": "guilhermeblanco@gmail.com",
                    "homepage": "http://www.instaclick.com"
                },
                {
                    "name": "Roman Borschel",
                    "email": "roman@code-factory.org"
                },
                {
                    "name": "Johannes Schmitt",
                    "email": "schmittjoh@gmail.com",
                    "homepage": "https://github.com/schmittjoh",
                    "role": "Developer of wrapped JMSSerializerBundle"
                }
            ],
            "description": "Base library for a lexer that can be used in Top-Down, Recursive Descent Parsers.",
            "homepage": "http://www.doctrine-project.org",
            "keywords": [
                "lexer",
                "parser"
            ],
            "time": "2013-03-07 12:15:25"
        },
        {
            "name": "doctrine/orm",
            "version": "2.3.3",
            "source": {
                "type": "git",
                "url": "https://github.com/doctrine/doctrine2.git",
                "reference": "2.3.3"
            },
            "dist": {
                "type": "zip",
                "url": "https://api.github.com/repos/doctrine/doctrine2/zipball/2.3.3",
                "reference": "2.3.3",
                "shasum": ""
            },
            "require": {
                "doctrine/dbal": "2.3.*",
                "ext-pdo": "*",
                "php": ">=5.3.2",
                "symfony/console": "2.*"
            },
            "suggest": {
                "symfony/yaml": "If you want to use YAML Metadata Mapping Driver"
            },
            "bin": [
                "bin/doctrine",
                "bin/doctrine.php"
            ],
            "type": "library",
            "extra": {
                "branch-alias": {
                    "dev-master": "2.3.x-dev"
                }
            },
            "autoload": {
                "psr-0": {
                    "Doctrine\\ORM": "lib/"
                }
            },
            "notification-url": "https://packagist.org/downloads/",
            "license": [
                "MIT"
            ],
            "authors": [
                {
                    "name": "Jonathan Wage",
                    "email": "jonwage@gmail.com",
                    "homepage": "http://www.jwage.com/"
                },
                {
                    "name": "Guilherme Blanco",
                    "email": "guilhermeblanco@gmail.com",
                    "homepage": "http://www.instaclick.com"
                },
                {
                    "name": "Roman Borschel",
                    "email": "roman@code-factory.org"
                },
                {
                    "name": "Benjamin Eberlei",
                    "email": "kontakt@beberlei.de"
                }
            ],
            "description": "Object-Relational-Mapper for PHP",
            "homepage": "http://www.doctrine-project.org",
            "keywords": [
                "database",
                "orm"
            ],
            "time": "2013-03-24 20:43:58"
        },
        {
            "name": "dotink/flourish-core",
            "version": "dev-master",
            "source": {
                "type": "git",
                "url": "https://github.com/dotink/flourish-core.git",
                "reference": "593a18ff19074a3967513b2be9d15c8a9faa429e"
            },
            "dist": {
                "type": "zip",
                "url": "https://api.github.com/repos/dotink/flourish-core/zipball/593a18ff19074a3967513b2be9d15c8a9faa429e",
                "reference": "593a18ff19074a3967513b2be9d15c8a9faa429e",
                "shasum": ""
            },
            "require": {
                "imarc/opus": "dev-master",
                "php": ">=5.3.0"
            },
            "type": "opus-package",
            "extra": {
                "opus": {
                    "dotink/inkwell-2.0": {
                        "src": "library/flourish"
                    }
                }
            },
            "autoload": {
                "classmap": [
                    "src/"
                ]
            },
            "license": [
                "AGPL 3.0"
            ],
            "authors": [
                {
                    "name": "Matthew J. Sahagian",
                    "email": "matt@imarc.net",
                    "role": "Developer"
                }
            ],
            "description": "Useful debugging, error/exception handling, and normalization classes",
            "keywords": [
                "debugging",
                "error handling",
                "exception handling"
            ],
            "support": {
                "source": "https://github.com/dotink/flourish-core/tree/master",
                "issues": "https://github.com/dotink/flourish-core/issues"
            },
            "time": "2013-04-22 18:53:48"
        },
        {
            "name": "dotink/flourish-datetime",
            "version": "dev-master",
            "source": {
                "type": "git",
                "url": "https://github.com/dotink/flourish-datetime.git",
                "reference": "912bf23c8f302a228933d3debb5c0527d250de15"
            },
            "dist": {
                "type": "zip",
                "url": "https://api.github.com/repos/dotink/flourish-datetime/zipball/912bf23c8f302a228933d3debb5c0527d250de15",
                "reference": "912bf23c8f302a228933d3debb5c0527d250de15",
                "shasum": ""
            },
            "require": {
                "dotink/flourish-core": "dev-master",
                "imarc/opus": "dev-master",
                "php": ">=5.4.0"
            },
            "type": "opus-package",
            "extra": {
                "opus": {
                    "dotink/inkwell-2.0": {
                        "src": "library/flourish"
                    }
                }
            },
            "autoload": {
                "classmap": [
                    "src/"
                ]
            },
            "license": [
                "AGPL 3.0"
            ],
            "authors": [
                {
                    "name": "Matthew J. Sahagian",
                    "email": "matt@imarc.net",
                    "role": "Developer"
                }
            ],
            "description": "Useful classes for working with dates and times",
            "keywords": [
                "date",
                "time",
                "timestamp"
            ],
            "support": {
                "source": "https://github.com/dotink/flourish-datetime/tree/master",
                "issues": "https://github.com/dotink/flourish-datetime/issues"
            },
            "time": "2013-04-22 18:54:08"
        },
        {
            "name": "dotink/flourish-text",
            "version": "dev-master",
            "source": {
                "type": "git",
                "url": "https://github.com/dotink/flourish-text.git",
                "reference": "ab6a29324244ba792ed1f80b0eb9cfcd280bafaf"
            },
            "dist": {
                "type": "zip",
                "url": "https://api.github.com/repos/dotink/flourish-text/zipball/ab6a29324244ba792ed1f80b0eb9cfcd280bafaf",
                "reference": "ab6a29324244ba792ed1f80b0eb9cfcd280bafaf",
                "shasum": ""
            },
            "require": {
                "dotink/flourish-core": "dev-master",
                "imarc/opus": "dev-master",
                "php": ">=5.3.0"
            },
            "type": "opus-package",
            "extra": {
                "opus": {
                    "dotink/inkwell-2.0": {
                        "src": "library/flourish"
                    }
                }
            },
            "autoload": {
                "classmap": [
                    "src/"
                ]
            },
            "license": [
                "AGPL 3.0"
            ],
            "authors": [
                {
                    "name": "Matthew J. Sahagian",
                    "email": "matt@imarc.net",
                    "role": "Developer"
                }
            ],
            "description": "Language sensitive text transformation and translation",
            "keywords": [
                "i18n",
                "language",
                "multi-lingual",
                "text transformation"
            ],
            "support": {
                "source": "https://github.com/dotink/flourish-text/tree/master",
                "issues": "https://github.com/dotink/flourish-text/issues"
            },
            "time": "2013-04-22 18:55:38"
        },
        {
            "name": "imarc/opus",
            "version": "dev-master",
            "source": {
                "type": "git",
                "url": "https://github.com/imarc/opus.git",
                "reference": "2df29f9f82b81e1285d6fbd59be3ccdfdbaca1b0"
            },
            "dist": {
                "type": "zip",
                "url": "https://api.github.com/repos/imarc/opus/zipball/2df29f9f82b81e1285d6fbd59be3ccdfdbaca1b0",
                "reference": "2df29f9f82b81e1285d6fbd59be3ccdfdbaca1b0",
                "shasum": ""
            },
            "require": {
                "php": ">=5.3.0"
            },
            "type": "composer-installer",
            "extra": {
                "class": "iMarc\\Opus\\Processor"
            },
            "autoload": {
                "psr-0": {
                    "iMarc\\Opus": "src/",
                    "Diff": "src/"
                }
            },
            "notification-url": "https://packagist.org/downloads/",
            "license": [
                "MIT"
            ],
            "authors": [
                {
                    "name": "Matthew J. Sahagian",
                    "email": "matt@imarc.net",
                    "role": "Developer"
                }
            ],
            "description": "Multi-framework asset and module packaging for composer",
            "keywords": [
                "package management"
            ],
            "time": "2013-05-03 02:53:48"
        },
        {
            "name": "symfony/console",
            "version": "dev-master",
            "target-dir": "Symfony/Component/Console",
            "source": {
                "type": "git",
                "url": "https://github.com/symfony/Console.git",
                "reference": "2c29086a53686d9dcb11353b9c15f946808ebe04"
            },
            "dist": {
                "type": "zip",
                "url": "https://api.github.com/repos/symfony/Console/zipball/2c29086a53686d9dcb11353b9c15f946808ebe04",
                "reference": "2c29086a53686d9dcb11353b9c15f946808ebe04",
                "shasum": ""
            },
            "require": {
                "php": ">=5.3.3"
            },
            "require-dev": {
                "symfony/event-dispatcher": ">=2.1,<3.0"
            },
            "type": "library",
            "extra": {
                "branch-alias": {
                    "dev-master": "2.3-dev"
                }
            },
            "autoload": {
                "psr-0": {
                    "Symfony\\Component\\Console\\": ""
                }
            },
            "notification-url": "https://packagist.org/downloads/",
            "license": [
                "MIT"
            ],
            "authors": [
                {
                    "name": "Fabien Potencier",
                    "email": "fabien@symfony.com"
                },
                {
                    "name": "Symfony Community",
                    "homepage": "http://symfony.com/contributors"
                }
            ],
            "description": "Symfony Console Component",
            "homepage": "http://symfony.com",
            "time": "2013-05-06 08:44:35"
        }
    ],
    "packages-dev": [

    ],
    "aliases": [

    ],
    "minimum-stability": "dev",
    "stability-flags": {
        "dotink/flourish-datetime": 20,
        "dotink/flourish-text": 20
    },
    "platform": {
        "php": ">=5.4.0"
    },
    "platform-dev": [

    ]
}
